
Microsoft Visual Studio Solution File, Format Version 12.00
# Visual Studio Version 17
VisualStudioVersion = 17.5.33516.290
MinimumVisualStudioVersion = 10.0.40219.1
Project("{9A19103F-16F7-4668-BE54-9A1E7A4F7556}") = "TaskManagmentApi", "TaskManagmentApi.csproj", "{6417672B-CCAC-4736-959A-C6917C0DDA43}"
EndProject
Project("{FAE04EC0-301F-11D3-BF4B-00C04F79EFBC}") = "TaskManagementApiTests", "..\TaskManagementApiTests\TaskManagementApiTests.csproj", "{8C3AA19F-9665-4EFF-B50D-368848B82D6B}"
EndProject
Global
	GlobalSection(SolutionConfigurationPlatforms) = preSolution
		Debug|Any CPU = Debug|Any CPU
		Release|Any CPU = Release|Any CPU
	EndGlobalSection
	GlobalSection(ProjectConfigurationPlatforms) = postSolution
		{6417672B-CCAC-4736-959A-C6917C0DDA43}.Debug|Any CPU.ActiveCfg = Debug|Any CPU
		{6417672B-CCAC-4736-959A-C6917C0DDA43}.Debug|Any CPU.Build.0 = Debug|Any CPU
		{6417672B-CCAC-4736-959A-C6917C0DDA43}.Release|Any CPU.ActiveCfg = Release|Any CPU
		{6417672B-CCAC-4736-959A-C6917C0DDA43}.Release|Any CPU.Build.0 = Release|Any CPU
		{8C3AA19F-9665-4EFF-B50D-368848B82D6B}.Debug|Any CPU.ActiveCfg = Debug|Any CPU
		{8C3AA19F-9665-4EFF-B50D-368848B82D6B}.Debug|Any CPU.Build.0 = Debug|Any CPU
		{8C3AA19F-9665-4EFF-B50D-368848B82D6B}.Release|Any CPU.ActiveCfg = Release|Any CPU
		{8C3AA19F-9665-4EFF-B50D-368848B82D6B}.Release|Any CPU.Build.0 = Release|Any CPU
	EndGlobalSection
	GlobalSection(SolutionProperties) = preSolution
		HideSolutionNode = FALSE
	EndGlobalSection
	GlobalSection(ExtensibilityGlobals) = postSolution
		SolutionGuid = {F6070857-C502-471F-B914-0539783E8D52}
	EndGlobalSection
EndGlobal
